{
  "lockfile_version": "1",
  "packages": {
    "bashInteractive@5.2p37": {
      "last_modified": "2025-02-20T02:45:56Z",
      "resolved": "github:NixOS/nixpkgs/dad564433178067be1fbdfcce23b546254b6d641#bashInteractive",
      "source": "devbox-search",
      "version": "5.2p37",
      "systems": {
        "aarch64-darwin": {
          "outputs": [
            {
              "name": "out",
              "path": "/nix/store/7ppd0j3scxlgz9v106iqr4i05vs6dv8f-bash-interactive-5.2p37",
              "default": true
            },
            {
              "name": "man",
              "path": "/nix/store/nzc4d74xz6bp89xszgjhdlq4ajbbd10h-bash-interactive-5.2p37-man",
              "default": true
            },
            {
              "name": "doc",
              "path": "/nix/store/v0jlsh1n4lpjgxkxxyjqnjps6n2x6vj5-bash-interactive-5.2p37-doc"
            },
            {
              "name": "info",
              "path": "/nix/store/87j2izkwdn6i1cf9y375yjgnvxz9lrg8-bash-interactive-5.2p37-info"
            },
            {
              "name": "dev",
              "path": "/nix/store/kx703ixl474lkcqqhvxg26yg0x85f3b1-bash-interactive-5.2p37-dev"
            }
          ],
          "store_path": "/nix/store/7ppd0j3scxlgz9v106iqr4i05vs6dv8f-bash-interactive-5.2p37"
        },
        "aarch64-linux": {
          "outputs": [
            {
              "name": "out",
              "path": "/nix/store/vvqi8n8awklfv97y6k4jxsg0w8h1970v-bash-interactive-5.2p37",
              "default": true
            },
            {
              "name": "man",
              "path": "/nix/store/5ddbmjnr0mq32dj6h8aq3rcbyimdl6ia-bash-interactive-5.2p37-man",
              "default": true
            },
            {
              "name": "debug",
              "path": "/nix/store/84nn6g0xy17zlk878bis7i68hbiarhfg-bash-interactive-5.2p37-debug"
            },
            {
              "name": "dev",
              "path": "/nix/store/ljmn5pga4ymyjqbv85dwnsl5df052jzr-bash-interactive-5.2p37-dev"
            },
            {
              "name": "doc",
              "path": "/nix/store/x01w1mllkj0sa9iify8jpic62prw6lig-bash-interactive-5.2p37-doc"
            },
            {
              "name": "info",
              "path": "/nix/store/09fx54503xdgdnf94av8j64xssh5bw8a-bash-interactive-5.2p37-info"
            }
          ],
          "store_path": "/nix/store/vvqi8n8awklfv97y6k4jxsg0w8h1970v-bash-interactive-5.2p37"
        },
        "x86_64-darwin": {
          "outputs": [
            {
              "name": "out",
              "path": "/nix/store/s9wvs6kf32zhj7qva5sw4dy3zkzswxr4-bash-interactive-5.2p37",
              "default": true
            },
            {
              "name": "man",
              "path": "/nix/store/4ji6s1891jchnb8vnagildjxkr2mla6k-bash-interactive-5.2p37-man",
              "default": true
            },
            {
              "name": "dev",
              "path": "/nix/store/spdv87vmb47v0hq56jzz58db61sbbp1s-bash-interactive-5.2p37-dev"
            },
            {
              "name": "doc",
              "path": "/nix/store/fvvlrpn5d74aph62jszkby62ynn3ys15-bash-interactive-5.2p37-doc"
            },
            {
              "name": "info",
              "path": "/nix/store/f3v1r7jxmznfvidcbr4fgkxsp51qkn1k-bash-interactive-5.2p37-info"
            }
          ],
          "store_path": "/nix/store/s9wvs6kf32zhj7qva5sw4dy3zkzswxr4-bash-interactive-5.2p37"
        },
        "x86_64-linux": {
          "outputs": [
            {
              "name": "out",
              "path": "/nix/store/6vpzxqaqvwiyqywssfavs1s51b4cgsin-bash-interactive-5.2p37",
              "default": true
            },
            {
              "name": "man",
              "path": "/nix/store/q6rlnvrv67j8p7gqhyy25b4chhgql5p7-bash-interactive-5.2p37-man",
              "default": true
            },
            {
              "name": "doc",
              "path": "/nix/store/blywgvpya7499zza1a3q3d50l9lnkvj8-bash-interactive-5.2p37-doc"
            },
            {
              "name": "info",
              "path": "/nix/store/f3kcpir9lkb6n3ybdyz1f9fqi32d05mw-bash-interactive-5.2p37-info"
            },
            {
              "name": "debug",
              "path": "/nix/store/wl0idy04ap0cq9m7zica1v30qzrh8d6f-bash-interactive-5.2p37-debug"
            },
            {
              "name": "dev",
              "path": "/nix/store/4bk1q0hsar2p83950m4miv4ddhfalxh4-bash-interactive-5.2p37-dev"
            }
          ],
          "store_path": "/nix/store/6vpzxqaqvwiyqywssfavs1s51b4cgsin-bash-interactive-5.2p37"
        }
      }
    },
    "conform@0.1.0-alpha.29": {
      "last_modified": "2025-11-23T21:50:36Z",
      "resolved": "github:NixOS/nixpkgs/ee09932cedcef15aaf476f9343d1dea2cb77e261#conform",
      "source": "devbox-search",
      "version": "0.1.0-alpha.29",
      "systems": {
        "aarch64-darwin": {
          "outputs": [
            {
              "name": "out",
              "path": "/nix/store/996mlhsyy2psgx6g3xg917d9q5brvbmx-conform-0.1.0-alpha.29",
              "default": true
            }
          ],
          "store_path": "/nix/store/996mlhsyy2psgx6g3xg917d9q5brvbmx-conform-0.1.0-alpha.29"
        },
        "aarch64-linux": {
          "outputs": [
            {
              "name": "out",
              "path": "/nix/store/3aa02fg6x1raknd299xlbqfnckn3xzfx-conform-0.1.0-alpha.29",
              "default": true
            }
          ],
          "store_path": "/nix/store/3aa02fg6x1raknd299xlbqfnckn3xzfx-conform-0.1.0-alpha.29"
        },
        "x86_64-darwin": {
          "outputs": [
            {
              "name": "out",
              "path": "/nix/store/pwp3h75qym2jynsnacraslwgk40b8m3y-conform-0.1.0-alpha.29",
              "default": true
            }
          ],
          "store_path": "/nix/store/pwp3h75qym2jynsnacraslwgk40b8m3y-conform-0.1.0-alpha.29"
        },
        "x86_64-linux": {
          "outputs": [
            {
              "name": "out",
              "path": "/nix/store/6dny315dyqfbmkwqs2l4lwqyiqmclamh-conform-0.1.0-alpha.29",
              "default": true
            }
          ],
          "store_path": "/nix/store/6dny315dyqfbmkwqs2l4lwqyiqmclamh-conform-0.1.0-alpha.29"
        }
      }
    },
    "cosign@3.0.2": {
      "last_modified": "2025-11-23T21:50:36Z",
      "resolved": "github:NixOS/nixpkgs/ee09932cedcef15aaf476f9343d1dea2cb77e261#cosign",
      "source": "devbox-search",
      "version": "3.0.2",
      "systems": {
        "aarch64-darwin": {
          "outputs": [
            {
              "name": "out",
              "path": "/nix/store/vrgzybvc88lnk5834g57bvrbc0jq3zss-cosign-3.0.2",
              "default": true
            }
          ],
          "store_path": "/nix/store/vrgzybvc88lnk5834g57bvrbc0jq3zss-cosign-3.0.2"
        },
        "aarch64-linux": {
          "outputs": [
            {
              "name": "out",
              "path": "/nix/store/rpyw41c1manmd2dmmlb4x3f8pkcxcixa-cosign-3.0.2",
              "default": true
            }
          ],
          "store_path": "/nix/store/rpyw41c1manmd2dmmlb4x3f8pkcxcixa-cosign-3.0.2"
        },
        "x86_64-darwin": {
          "outputs": [
            {
              "name": "out",
              "path": "/nix/store/yrbm2chbdxdpn88zmzk6xf9s7zy7zgls-cosign-3.0.2",
              "default": true
            }
          ],
          "store_path": "/nix/store/yrbm2chbdxdpn88zmzk6xf9s7zy7zgls-cosign-3.0.2"
        },
        "x86_64-linux": {
          "outputs": [
            {
              "name": "out",
              "path": "/nix/store/xfdnz331h0kg9ypc3b2afq3bin1c1809-cosign-3.0.2",
              "default": true
            }
          ],
          "store_path": "/nix/store/xfdnz331h0kg9ypc3b2afq3bin1c1809-cosign-3.0.2"
        }
      }
    },
    "git@2.51.2": {
      "last_modified": "2025-11-23T21:50:36Z",
      "resolved": "github:NixOS/nixpkgs/ee09932cedcef15aaf476f9343d1dea2cb77e261#git",
      "source": "devbox-search",
      "version": "2.51.2",
      "systems": {
        "aarch64-darwin": {
          "outputs": [
            {
              "name": "out",
              "path": "/nix/store/x34bh6s6ighg7lb74nkjbx3nx52zj0j9-git-2.51.2",
              "default": true
            },
            {
              "name": "doc",
              "path": "/nix/store/6wnscv0364r6430qmx33nn927dlw2vnf-git-2.51.2-doc"
            }
          ],
          "store_path": "/nix/store/x34bh6s6ighg7lb74nkjbx3nx52zj0j9-git-2.51.2"
        },
        "aarch64-linux": {
          "outputs": [
            {
              "name": "out",
              "path": "/nix/store/gzdcfmx2p9nvd4z21b6ns00cp4sv1d2h-git-2.51.2",
              "default": true
            },
            {
              "name": "debug",
              "path": "/nix/store/5l5ln59lpi4qv2qm59aqchlz32j9zcm9-git-2.51.2-debug"
            },
            {
              "name": "doc",
              "path": "/nix/store/w28mqxb1bd51f5rwh5127pvbp31lnqmv-git-2.51.2-doc"
            }
          ],
          "store_path": "/nix/store/gzdcfmx2p9nvd4z21b6ns00cp4sv1d2h-git-2.51.2"
        },
        "x86_64-darwin": {
          "outputs": [
            {
              "name": "out",
              "path": "/nix/store/zz5xiyzpnn06cdgw1xnlvs1sbly5247r-git-2.51.2",
              "default": true
            },
            {
              "name": "doc",
              "path": "/nix/store/vrisnm56c5v8mzbv55yrq28wgkvga8nm-git-2.51.2-doc"
            }
          ],
          "store_path": "/nix/store/zz5xiyzpnn06cdgw1xnlvs1sbly5247r-git-2.51.2"
        },
        "x86_64-linux": {
          "outputs": [
            {
              "name": "out",
              "path": "/nix/store/4qhdhmi7pzgad0zfd7c5lsg235mbf9hv-git-2.51.2",
              "default": true
            },
            {
              "name": "debug",
              "path": "/nix/store/pjr2vd588sxa47glfg0ky0df3vk79dcs-git-2.51.2-debug"
            },
            {
              "name": "doc",
              "path": "/nix/store/9k6ivrdddy9s3z1hiwgavl0kfr2czgav-git-2.51.2-doc"
            }
          ],
          "store_path": "/nix/store/4qhdhmi7pzgad0zfd7c5lsg235mbf9hv-git-2.51.2"
        }
      }
    },
    "github:NixOS/nixpkgs/nixpkgs-unstable": {
      "last_modified": "2025-12-03T03:51:48Z",
      "resolved": "github:NixOS/nixpkgs/cadcc8de247676e4751c9d4a935acb2c0b059113?lastModified=1764733908&narHash=sha256-QJiih52NU%2Bnm7XQWCj%2BK8SwUdIEayDQ1FQgjkYISt4I%3D"
    },
    "go-task@3.45.5": {
      "last_modified": "2025-11-23T21:50:36Z",
      "resolved": "github:NixOS/nixpkgs/ee09932cedcef15aaf476f9343d1dea2cb77e261#go-task",
      "source": "devbox-search",
      "version": "3.45.5",
      "systems": {
        "aarch64-darwin": {
          "outputs": [
            {
              "name": "out",
              "path": "/nix/store/hq2nfh8sndri3x4z4k1j9g9wk6l0kp5q-go-task-3.45.5",
              "default": true
            }
          ],
          "store_path": "/nix/store/hq2nfh8sndri3x4z4k1j9g9wk6l0kp5q-go-task-3.45.5"
        },
        "aarch64-linux": {
          "outputs": [
            {
              "name": "out",
              "path": "/nix/store/4ac3xjjbvapdifhzqn3cj012b685bysi-go-task-3.45.5",
              "default": true
            }
          ],
          "store_path": "/nix/store/4ac3xjjbvapdifhzqn3cj012b685bysi-go-task-3.45.5"
        },
        "x86_64-darwin": {
          "outputs": [
            {
              "name": "out",
              "path": "/nix/store/57gnc0hahiawf2dmiiy6z6kxmaq2a41m-go-task-3.45.5",
              "default": true
            }
          ],
          "store_path": "/nix/store/57gnc0hahiawf2dmiiy6z6kxmaq2a41m-go-task-3.45.5"
        },
        "x86_64-linux": {
          "outputs": [
            {
              "name": "out",
              "path": "/nix/store/8j7jr4fpjlmbcyb1crr8gy00z8d768vm-go-task-3.45.5",
              "default": true
            }
          ],
          "store_path": "/nix/store/8j7jr4fpjlmbcyb1crr8gy00z8d768vm-go-task-3.45.5"
        }
      }
    },
    "go@1.25.4": {
      "last_modified": "2025-11-23T21:50:36Z",
      "resolved": "github:NixOS/nixpkgs/ee09932cedcef15aaf476f9343d1dea2cb77e261#go",
      "source": "devbox-search",
      "version": "1.25.4",
      "systems": {
        "aarch64-darwin": {
          "outputs": [
            {
              "name": "out",
              "path": "/nix/store/52f5kjcmgmvgrz3rij676b3rjmgg5l5g-go-1.25.4",
              "default": true
            }
          ],
          "store_path": "/nix/store/52f5kjcmgmvgrz3rij676b3rjmgg5l5g-go-1.25.4"
        },
        "aarch64-linux": {
          "outputs": [
            {
              "name": "out",
              "path": "/nix/store/2ajrlmz1qdpm9k9ankhnp3973wxg1gqs-go-1.25.4",
              "default": true
            }
          ],
          "store_path": "/nix/store/2ajrlmz1qdpm9k9ankhnp3973wxg1gqs-go-1.25.4"
        },
        "x86_64-darwin": {
          "outputs": [
            {
              "name": "out",
              "path": "/nix/store/1rqpvp45rl4sr1l0czrlbmv8jqj9sa7r-go-1.25.4",
              "default": true
            }
          ],
          "store_path": "/nix/store/1rqpvp45rl4sr1l0czrlbmv8jqj9sa7r-go-1.25.4"
        },
        "x86_64-linux": {
          "outputs": [
            {
              "name": "out",
              "path": "/nix/store/0a3dyfq09dnkw28ap2i450wjimvdmv6s-go-1.25.4",
              "default": true
            }
          ],
          "store_path": "/nix/store/0a3dyfq09dnkw28ap2i450wjimvdmv6s-go-1.25.4"
        }
      }
    },
    "golangci-lint@2.6.2": {
      "last_modified": "2025-11-23T21:50:36Z",
      "resolved": "github:NixOS/nixpkgs/ee09932cedcef15aaf476f9343d1dea2cb77e261#golangci-lint",
      "source": "devbox-search",
      "version": "2.6.2",
      "systems": {
        "aarch64-darwin": {
          "outputs": [
            {
              "name": "out",
              "path": "/nix/store/yvnfabxmnwmig8ralc22has0kpk7gbkn-golangci-lint-2.6.2",
              "default": true
            }
          ],
          "store_path": "/nix/store/yvnfabxmnwmig8ralc22has0kpk7gbkn-golangci-lint-2.6.2"
        },
        "aarch64-linux": {
          "outputs": [
            {
              "name": "out",
              "path": "/nix/store/jfhvpym9967m3rf8shlcmlarfbf73cpj-golangci-lint-2.6.2",
              "default": true
            }
          ],
          "store_path": "/nix/store/jfhvpym9967m3rf8shlcmlarfbf73cpj-golangci-lint-2.6.2"
        },
        "x86_64-darwin": {
          "outputs": [
            {
              "name": "out",
              "path": "/nix/store/bg84ksi4vm63c7m39yj6y1ga9n64n3mp-golangci-lint-2.6.2",
              "default": true
            }
          ],
          "store_path": "/nix/store/bg84ksi4vm63c7m39yj6y1ga9n64n3mp-golangci-lint-2.6.2"
        },
        "x86_64-linux": {
          "outputs": [
            {
              "name": "out",
              "path": "/nix/store/3kn873p4cpk0yhz7y0qvwpnn1h885a40-golangci-lint-2.6.2",
              "default": true
            }
          ],
          "store_path": "/nix/store/3kn873p4cpk0yhz7y0qvwpnn1h885a40-golangci-lint-2.6.2"
        }
      }
    },
    "goreleaser@2.12.7": {
      "last_modified": "2025-11-23T21:50:36Z",
      "resolved": "github:NixOS/nixpkgs/ee09932cedcef15aaf476f9343d1dea2cb77e261#goreleaser",
      "source": "devbox-search",
      "version": "2.12.7",
      "systems": {
        "aarch64-darwin": {
          "outputs": [
            {
              "name": "out",
              "path": "/nix/store/il6x101sc3xj68rc6vpwxj3kzg70jn41-goreleaser-2.12.7",
              "default": true
            }
          ],
          "store_path": "/nix/store/il6x101sc3xj68rc6vpwxj3kzg70jn41-goreleaser-2.12.7"
        },
        "aarch64-linux": {
          "outputs": [
            {
              "name": "out",
              "path": "/nix/store/gl13q08k5ic2y1j6zizrsshq6a6nr3i2-goreleaser-2.12.7",
              "default": true
            }
          ],
          "store_path": "/nix/store/gl13q08k5ic2y1j6zizrsshq6a6nr3i2-goreleaser-2.12.7"
        },
        "x86_64-darwin": {
          "outputs": [
            {
              "name": "out",
              "path": "/nix/store/4aaqjzap4f65a1xgmgkjwix0ryi66crl-goreleaser-2.12.7",
              "default": true
            }
          ],
          "store_path": "/nix/store/4aaqjzap4f65a1xgmgkjwix0ryi66crl-goreleaser-2.12.7"
        },
        "x86_64-linux": {
          "outputs": [
            {
              "name": "out",
              "path": "/nix/store/qbc1d4g9jyliz0jsrg9pnr608m305bjw-goreleaser-2.12.7",
              "default": true
            }
          ],
          "store_path": "/nix/store/qbc1d4g9jyliz0jsrg9pnr608m305bjw-goreleaser-2.12.7"
        }
      }
    },
    "nodePackages.prettier@3.5.3": {
      "last_modified": "2025-05-16T20:19:48Z",
      "resolved": "github:NixOS/nixpkgs/12a55407652e04dcf2309436eb06fef0d3713ef3#nodePackages.prettier",
      "source": "devbox-search",
      "version": "3.5.3",
      "systems": {
        "aarch64-darwin": {
          "outputs": [
            {
              "name": "out",
              "path": "/nix/store/yspchsd3ww1ddz2r5783kw8y9j0vr3r8-prettier-3.5.3",
              "default": true
            }
          ],
          "store_path": "/nix/store/yspchsd3ww1ddz2r5783kw8y9j0vr3r8-prettier-3.5.3"
        },
        "aarch64-linux": {
          "outputs": [
            {
              "name": "out",
              "path": "/nix/store/ya3imag4wkxj3g5fws96rzyzv36m74w8-prettier-3.5.3",
              "default": true
            }
          ],
          "store_path": "/nix/store/ya3imag4wkxj3g5fws96rzyzv36m74w8-prettier-3.5.3"
        },
        "x86_64-darwin": {
          "outputs": [
            {
              "name": "out",
              "path": "/nix/store/f9q2y20qa56hjzxnia0q664m0rkwwqvm-prettier-3.5.3",
              "default": true
            }
          ],
          "store_path": "/nix/store/f9q2y20qa56hjzxnia0q664m0rkwwqvm-prettier-3.5.3"
        },
        "x86_64-linux": {
          "outputs": [
            {
              "name": "out",
              "path": "/nix/store/wry9vlk19pk7izrknb980icc8gihzllx-prettier-3.5.3",
              "default": true
            }
          ],
          "store_path": "/nix/store/wry9vlk19pk7izrknb980icc8gihzllx-prettier-3.5.3"
        }
      }
    },
    "sequin@0.3.1": {
      "last_modified": "2025-11-23T21:50:36Z",
      "resolved": "github:NixOS/nixpkgs/ee09932cedcef15aaf476f9343d1dea2cb77e261#sequin",
      "source": "devbox-search",
      "version": "0.3.1",
      "systems": {
        "aarch64-darwin": {
          "outputs": [
            {
              "name": "out",
              "path": "/nix/store/y3016qcigryq23k19h4h58dhvcv65qiz-sequin-0.3.1",
              "default": true
            }
          ],
          "store_path": "/nix/store/y3016qcigryq23k19h4h58dhvcv65qiz-sequin-0.3.1"
        },
        "aarch64-linux": {
          "outputs": [
            {
              "name": "out",
              "path": "/nix/store/amkiqhp6nksvvw0dxvxsgi0a98mmd5yn-sequin-0.3.1",
              "default": true
            }
          ],
          "store_path": "/nix/store/amkiqhp6nksvvw0dxvxsgi0a98mmd5yn-sequin-0.3.1"
        },
        "x86_64-darwin": {
          "outputs": [
            {
              "name": "out",
              "path": "/nix/store/9w8p81qb3ayf4hpc9i1f0fyg06qr071j-sequin-0.3.1",
              "default": true
            }
          ],
          "store_path": "/nix/store/9w8p81qb3ayf4hpc9i1f0fyg06qr071j-sequin-0.3.1"
        },
        "x86_64-linux": {
          "outputs": [
            {
              "name": "out",
              "path": "/nix/store/jcyfz8m16m537r1dbib291js63fm3gb5-sequin-0.3.1",
              "default": true
            }
          ],
          "store_path": "/nix/store/jcyfz8m16m537r1dbib291js63fm3gb5-sequin-0.3.1"
        }
      }
    },
    "syft@1.38.0": {
      "last_modified": "2025-11-23T21:50:36Z",
      "resolved": "github:NixOS/nixpkgs/ee09932cedcef15aaf476f9343d1dea2cb77e261#syft",
      "source": "devbox-search",
      "version": "1.38.0",
      "systems": {
        "aarch64-darwin": {
          "outputs": [
            {
              "name": "out",
              "path": "/nix/store/9na0jgqzr3h6c363fbivibgbz765v3iv-syft-1.38.0",
              "default": true
            }
          ],
          "store_path": "/nix/store/9na0jgqzr3h6c363fbivibgbz765v3iv-syft-1.38.0"
        },
        "aarch64-linux": {
          "outputs": [
            {
              "name": "out",
              "path": "/nix/store/9n8b2d8c4mxdpbf0xvllbz6gbdnf1rrm-syft-1.38.0",
              "default": true
            }
          ],
          "store_path": "/nix/store/9n8b2d8c4mxdpbf0xvllbz6gbdnf1rrm-syft-1.38.0"
        },
        "x86_64-darwin": {
          "outputs": [
            {
              "name": "out",
              "path": "/nix/store/yvvjm80ssjaa3mv7l9vqfsgw0xr1p7rn-syft-1.38.0",
              "default": true
            }
          ],
          "store_path": "/nix/store/yvvjm80ssjaa3mv7l9vqfsgw0xr1p7rn-syft-1.38.0"
        },
        "x86_64-linux": {
          "outputs": [
            {
              "name": "out",
              "path": "/nix/store/63kzmbh4isv3k1rybixh25a77lq5lq84-syft-1.38.0",
              "default": true
            }
          ],
          "store_path": "/nix/store/63kzmbh4isv3k1rybixh25a77lq5lq84-syft-1.38.0"
        }
      }
    },
    "tmux@3.5": {
      "last_modified": "2025-11-23T21:50:36Z",
      "resolved": "github:NixOS/nixpkgs/ee09932cedcef15aaf476f9343d1dea2cb77e261#tmux",
      "source": "devbox-search",
      "version": "3.5a",
      "systems": {
        "aarch64-darwin": {
          "outputs": [
            {
              "name": "out",
              "path": "/nix/store/1zxnkg158nn1y6pf2ipfxa6avq450w1h-tmux-3.5a",
              "default": true
            },
            {
              "name": "man",
              "path": "/nix/store/zg33ilrslczw92f9dncy392pg9zgska3-tmux-3.5a-man",
              "default": true
            }
          ],
          "store_path": "/nix/store/1zxnkg158nn1y6pf2ipfxa6avq450w1h-tmux-3.5a"
        },
        "aarch64-linux": {
          "outputs": [
            {
              "name": "out",
              "path": "/nix/store/1aa8pp1arfzw86k6xi1lsqz7vb0bsi8h-tmux-3.5a",
              "default": true
            },
            {
              "name": "man",
              "path": "/nix/store/wfhav497s5d80n9nbm5inlj1qwya0wy2-tmux-3.5a-man",
              "default": true
            }
          ],
          "store_path": "/nix/store/1aa8pp1arfzw86k6xi1lsqz7vb0bsi8h-tmux-3.5a"
        },
        "x86_64-darwin": {
          "outputs": [
            {
              "name": "out",
              "path": "/nix/store/yj8z42pkmgm4s3jr16msfcgnqaabffb0-tmux-3.5a",
              "default": true
            },
            {
              "name": "man",
              "path": "/nix/store/2a6q9743jkx19dbxh7ccj6h0kgbmr9r9-tmux-3.5a-man",
              "default": true
            }
          ],
          "store_path": "/nix/store/yj8z42pkmgm4s3jr16msfcgnqaabffb0-tmux-3.5a"
        },
        "x86_64-linux": {
          "outputs": [
            {
              "name": "out",
              "path": "/nix/store/y7vhzddqdndavz0fbpbfypx214xkkm3j-tmux-3.5a",
              "default": true
            },
            {
              "name": "man",
              "path": "/nix/store/5gc48417yplx2385jhqjmq85hy2qdrgs-tmux-3.5a-man",
              "default": true
            }
          ],
          "store_path": "/nix/store/y7vhzddqdndavz0fbpbfypx214xkkm3j-tmux-3.5a"
        }
      }
    },
    "vhs@0.10.0": {
      "last_modified": "2025-11-23T21:50:36Z",
      "resolved": "github:NixOS/nixpkgs/ee09932cedcef15aaf476f9343d1dea2cb77e261#vhs",
      "source": "devbox-search",
      "version": "0.10.0",
      "systems": {
        "aarch64-darwin": {
          "outputs": [
            {
              "name": "out",
              "path": "/nix/store/hmp0pxhqjb6xv4px98bgyzahmf3clykn-vhs-0.10.0",
              "default": true
            }
          ],
          "store_path": "/nix/store/hmp0pxhqjb6xv4px98bgyzahmf3clykn-vhs-0.10.0"
        },
        "aarch64-linux": {
          "outputs": [
            {
              "name": "out",
              "path": "/nix/store/jljkyh6ny97mp3rb3qjx9y8y7niqlpmc-vhs-0.10.0",
              "default": true
            }
          ],
          "store_path": "/nix/store/jljkyh6ny97mp3rb3qjx9y8y7niqlpmc-vhs-0.10.0"
        },
        "x86_64-darwin": {
          "outputs": [
            {
              "name": "out",
              "path": "/nix/store/yxigh6licl705c63hvn9ff1q4qv486d9-vhs-0.10.0",
              "default": true
            }
          ],
          "store_path": "/nix/store/yxigh6licl705c63hvn9ff1q4qv486d9-vhs-0.10.0"
        },
        "x86_64-linux": {
          "outputs": [
            {
              "name": "out",
              "path": "/nix/store/zvq7kz16ff21b43hk863wg9yk9i6d16n-vhs-0.10.0",
              "default": true
            }
          ],
          "store_path": "/nix/store/zvq7kz16ff21b43hk863wg9yk9i6d16n-vhs-0.10.0"
        }
      }
    },
    "zizmor@1.16.3": {
      "last_modified": "2025-11-23T21:50:36Z",
      "resolved": "github:NixOS/nixpkgs/ee09932cedcef15aaf476f9343d1dea2cb77e261#zizmor",
      "source": "devbox-search",
      "version": "1.16.3",
      "systems": {
        "aarch64-darwin": {
          "outputs": [
            {
              "name": "out",
              "path": "/nix/store/b41bsg903i5bskfnajkan0vvx75ygk2a-zizmor-1.16.3",
              "default": true
            }
          ],
          "store_path": "/nix/store/b41bsg903i5bskfnajkan0vvx75ygk2a-zizmor-1.16.3"
        },
        "aarch64-linux": {
          "outputs": [
            {
              "name": "out",
              "path": "/nix/store/vjv5zkncwjrz4r1ikxgz1x9x1mvz8qs3-zizmor-1.16.3",
              "default": true
            }
          ],
          "store_path": "/nix/store/vjv5zkncwjrz4r1ikxgz1x9x1mvz8qs3-zizmor-1.16.3"
        },
        "x86_64-darwin": {
          "outputs": [
            {
              "name": "out",
              "path": "/nix/store/x1gaz5rlphi4v0nvvj2iayg1s13cjbyj-zizmor-1.16.3",
              "default": true
            }
          ],
          "store_path": "/nix/store/x1gaz5rlphi4v0nvvj2iayg1s13cjbyj-zizmor-1.16.3"
        },
        "x86_64-linux": {
          "outputs": [
            {
              "name": "out",
              "path": "/nix/store/cldr5b6fvxrhp6mmmr9c4hghcsjsypij-zizmor-1.16.3",
              "default": true
            }
          ],
          "store_path": "/nix/store/cldr5b6fvxrhp6mmmr9c4hghcsjsypij-zizmor-1.16.3"
        }
      }
    }
  }
}
