{
  "lockfile_version": "1",
  "packages": {
    "bashInteractive@5.2p37": {
      "last_modified": "2025-02-20T02:45:56Z",
      "resolved": "github:NixOS/nixpkgs/dad564433178067be1fbdfcce23b546254b6d641#bashInteractive",
      "source": "devbox-search",
      "version": "5.2p37",
      "systems": {
        "aarch64-darwin": {
          "outputs": [
            {
              "name": "out",
              "path": "/nix/store/7ppd0j3scxlgz9v106iqr4i05vs6dv8f-bash-interactive-5.2p37",
              "default": true
            },
            {
              "name": "man",
              "path": "/nix/store/nzc4d74xz6bp89xszgjhdlq4ajbbd10h-bash-interactive-5.2p37-man",
              "default": true
            },
            {
              "name": "doc",
              "path": "/nix/store/v0jlsh1n4lpjgxkxxyjqnjps6n2x6vj5-bash-interactive-5.2p37-doc"
            },
            {
              "name": "info",
              "path": "/nix/store/87j2izkwdn6i1cf9y375yjgnvxz9lrg8-bash-interactive-5.2p37-info"
            },
            {
              "name": "dev",
              "path": "/nix/store/kx703ixl474lkcqqhvxg26yg0x85f3b1-bash-interactive-5.2p37-dev"
            }
          ],
          "store_path": "/nix/store/7ppd0j3scxlgz9v106iqr4i05vs6dv8f-bash-interactive-5.2p37"
        },
        "aarch64-linux": {
          "outputs": [
            {
              "name": "out",
              "path": "/nix/store/vvqi8n8awklfv97y6k4jxsg0w8h1970v-bash-interactive-5.2p37",
              "default": true
            },
            {
              "name": "man",
              "path": "/nix/store/5ddbmjnr0mq32dj6h8aq3rcbyimdl6ia-bash-interactive-5.2p37-man",
              "default": true
            },
            {
              "name": "debug",
              "path": "/nix/store/84nn6g0xy17zlk878bis7i68hbiarhfg-bash-interactive-5.2p37-debug"
            },
            {
              "name": "dev",
              "path": "/nix/store/ljmn5pga4ymyjqbv85dwnsl5df052jzr-bash-interactive-5.2p37-dev"
            },
            {
              "name": "doc",
              "path": "/nix/store/x01w1mllkj0sa9iify8jpic62prw6lig-bash-interactive-5.2p37-doc"
            },
            {
              "name": "info",
              "path": "/nix/store/09fx54503xdgdnf94av8j64xssh5bw8a-bash-interactive-5.2p37-info"
            }
          ],
          "store_path": "/nix/store/vvqi8n8awklfv97y6k4jxsg0w8h1970v-bash-interactive-5.2p37"
        },
        "x86_64-darwin": {
          "outputs": [
            {
              "name": "out",
              "path": "/nix/store/s9wvs6kf32zhj7qva5sw4dy3zkzswxr4-bash-interactive-5.2p37",
              "default": true
            },
            {
              "name": "man",
              "path": "/nix/store/4ji6s1891jchnb8vnagildjxkr2mla6k-bash-interactive-5.2p37-man",
              "default": true
            },
            {
              "name": "dev",
              "path": "/nix/store/spdv87vmb47v0hq56jzz58db61sbbp1s-bash-interactive-5.2p37-dev"
            },
            {
              "name": "doc",
              "path": "/nix/store/fvvlrpn5d74aph62jszkby62ynn3ys15-bash-interactive-5.2p37-doc"
            },
            {
              "name": "info",
              "path": "/nix/store/f3v1r7jxmznfvidcbr4fgkxsp51qkn1k-bash-interactive-5.2p37-info"
            }
          ],
          "store_path": "/nix/store/s9wvs6kf32zhj7qva5sw4dy3zkzswxr4-bash-interactive-5.2p37"
        },
        "x86_64-linux": {
          "outputs": [
            {
              "name": "out",
              "path": "/nix/store/6vpzxqaqvwiyqywssfavs1s51b4cgsin-bash-interactive-5.2p37",
              "default": true
            },
            {
              "name": "man",
              "path": "/nix/store/q6rlnvrv67j8p7gqhyy25b4chhgql5p7-bash-interactive-5.2p37-man",
              "default": true
            },
            {
              "name": "doc",
              "path": "/nix/store/blywgvpya7499zza1a3q3d50l9lnkvj8-bash-interactive-5.2p37-doc"
            },
            {
              "name": "info",
              "path": "/nix/store/f3kcpir9lkb6n3ybdyz1f9fqi32d05mw-bash-interactive-5.2p37-info"
            },
            {
              "name": "debug",
              "path": "/nix/store/wl0idy04ap0cq9m7zica1v30qzrh8d6f-bash-interactive-5.2p37-debug"
            },
            {
              "name": "dev",
              "path": "/nix/store/4bk1q0hsar2p83950m4miv4ddhfalxh4-bash-interactive-5.2p37-dev"
            }
          ],
          "store_path": "/nix/store/6vpzxqaqvwiyqywssfavs1s51b4cgsin-bash-interactive-5.2p37"
        }
      }
    },
    "conform@0.1.0-alpha.29": {
      "last_modified": "2025-05-16T20:19:48Z",
      "resolved": "github:NixOS/nixpkgs/12a55407652e04dcf2309436eb06fef0d3713ef3#conform",
      "source": "devbox-search",
      "version": "0.1.0-alpha.29",
      "systems": {
        "aarch64-darwin": {
          "outputs": [
            {
              "name": "out",
              "path": "/nix/store/k8qmn5m0l46jd26x1m99hz75c66lgkhs-conform-0.1.0-alpha.29",
              "default": true
            }
          ],
          "store_path": "/nix/store/k8qmn5m0l46jd26x1m99hz75c66lgkhs-conform-0.1.0-alpha.29"
        },
        "aarch64-linux": {
          "outputs": [
            {
              "name": "out",
              "path": "/nix/store/xhy7c7c5swmb3kw9imkfsn0lr8rmnc8q-conform-0.1.0-alpha.29",
              "default": true
            }
          ],
          "store_path": "/nix/store/xhy7c7c5swmb3kw9imkfsn0lr8rmnc8q-conform-0.1.0-alpha.29"
        },
        "x86_64-darwin": {
          "outputs": [
            {
              "name": "out",
              "path": "/nix/store/yqjndvaxbpkv5mik75g92lybq6z4icf0-conform-0.1.0-alpha.29",
              "default": true
            }
          ],
          "store_path": "/nix/store/yqjndvaxbpkv5mik75g92lybq6z4icf0-conform-0.1.0-alpha.29"
        },
        "x86_64-linux": {
          "outputs": [
            {
              "name": "out",
              "path": "/nix/store/2q2gi6dqr304xlzlnn3ra08537alhi1c-conform-0.1.0-alpha.29",
              "default": true
            }
          ],
          "store_path": "/nix/store/2q2gi6dqr304xlzlnn3ra08537alhi1c-conform-0.1.0-alpha.29"
        }
      }
    },
    "cosign@3.0.2": {
      "last_modified": "2025-11-15T07:28:48Z",
      "resolved": "github:NixOS/nixpkgs/1d4c88323ac36805d09657d13a5273aea1b34f0c#cosign",
      "source": "devbox-search",
      "version": "3.0.2",
      "systems": {
        "aarch64-darwin": {
          "outputs": [
            {
              "name": "out",
              "path": "/nix/store/d3gpy04p9kskwlfj6px97zk03b6dxf6i-cosign-3.0.2",
              "default": true
            }
          ],
          "store_path": "/nix/store/d3gpy04p9kskwlfj6px97zk03b6dxf6i-cosign-3.0.2"
        },
        "aarch64-linux": {
          "outputs": [
            {
              "name": "out",
              "path": "/nix/store/xqd61b02kf5fvra0gjzz6w6yizd03kyw-cosign-3.0.2",
              "default": true
            }
          ],
          "store_path": "/nix/store/xqd61b02kf5fvra0gjzz6w6yizd03kyw-cosign-3.0.2"
        },
        "x86_64-darwin": {
          "outputs": [
            {
              "name": "out",
              "path": "/nix/store/dqjy391kvsqg4wihjkbbyqnij0glhwz7-cosign-3.0.2",
              "default": true
            }
          ],
          "store_path": "/nix/store/dqjy391kvsqg4wihjkbbyqnij0glhwz7-cosign-3.0.2"
        },
        "x86_64-linux": {
          "outputs": [
            {
              "name": "out",
              "path": "/nix/store/vmblqdbnjhhrlwsvjigr9nf4fg7jgb42-cosign-3.0.2",
              "default": true
            }
          ],
          "store_path": "/nix/store/vmblqdbnjhhrlwsvjigr9nf4fg7jgb42-cosign-3.0.2"
        }
      }
    },
    "git@2.51.2": {
      "last_modified": "2025-11-15T07:28:48Z",
      "resolved": "github:NixOS/nixpkgs/1d4c88323ac36805d09657d13a5273aea1b34f0c#git",
      "source": "devbox-search",
      "version": "2.51.2",
      "systems": {
        "aarch64-darwin": {
          "outputs": [
            {
              "name": "out",
              "path": "/nix/store/k2vlwnvjcmnig77p65zipibvvim8rxq7-git-2.51.2",
              "default": true
            },
            {
              "name": "doc",
              "path": "/nix/store/6x44hx2f6g1y1viiaian2bvypb8djq39-git-2.51.2-doc"
            }
          ],
          "store_path": "/nix/store/k2vlwnvjcmnig77p65zipibvvim8rxq7-git-2.51.2"
        },
        "aarch64-linux": {
          "outputs": [
            {
              "name": "out",
              "path": "/nix/store/55j9qicj9fghz8yk3xsn2y9ab5mj4jdr-git-2.51.2",
              "default": true
            },
            {
              "name": "debug",
              "path": "/nix/store/vspa1pprrnj7xz3bhqayzih5mi7vhvvh-git-2.51.2-debug"
            },
            {
              "name": "doc",
              "path": "/nix/store/6zdv508cvrgfsnvvv5003ivsfcqngfvs-git-2.51.2-doc"
            }
          ],
          "store_path": "/nix/store/55j9qicj9fghz8yk3xsn2y9ab5mj4jdr-git-2.51.2"
        },
        "x86_64-darwin": {
          "outputs": [
            {
              "name": "out",
              "path": "/nix/store/sz4zzn7y6gal019wmqzxvcxc97wkgp9n-git-2.51.2",
              "default": true
            },
            {
              "name": "doc",
              "path": "/nix/store/np4lannd0w8jpagqw7mry4gklr903s2n-git-2.51.2-doc"
            }
          ],
          "store_path": "/nix/store/sz4zzn7y6gal019wmqzxvcxc97wkgp9n-git-2.51.2"
        },
        "x86_64-linux": {
          "outputs": [
            {
              "name": "out",
              "path": "/nix/store/q6jjgnyivwx7r4wynsi6g36k6srfy7mk-git-2.51.2",
              "default": true
            },
            {
              "name": "debug",
              "path": "/nix/store/f6zjr2bcd31qpvj4d4qsvqhfnnyc1kaz-git-2.51.2-debug"
            },
            {
              "name": "doc",
              "path": "/nix/store/9bir646idszbrn3j3wz98xq4m0kvzgrp-git-2.51.2-doc"
            }
          ],
          "store_path": "/nix/store/q6jjgnyivwx7r4wynsi6g36k6srfy7mk-git-2.51.2"
        }
      }
    },
    "github:NixOS/nixpkgs/nixpkgs-unstable": {
      "last_modified": "2025-05-30T10:46:38Z",
      "resolved": "github:NixOS/nixpkgs/8ca7ec685bbee55d6dcb326abe23945c0806c39e?lastModified=1748601998&narHash=sha256-XbIdzeWUL6Htz3%2FEbeyY71qMxYizMUWYltWYGg6qfcI%3D"
    },
    "go-task@3.45.5": {
      "last_modified": "2025-11-18T03:14:24Z",
      "resolved": "github:NixOS/nixpkgs/0ade817efdde79cbc46b624c849027335ebc25c5#go-task",
      "source": "devbox-search",
      "version": "3.45.5",
      "systems": {
        "aarch64-darwin": {
          "outputs": [
            {
              "name": "out",
              "path": "/nix/store/2rzij86mkkk9w9mhi1ka1qq6yg1a1q45-go-task-3.45.5",
              "default": true
            }
          ],
          "store_path": "/nix/store/2rzij86mkkk9w9mhi1ka1qq6yg1a1q45-go-task-3.45.5"
        },
        "aarch64-linux": {
          "outputs": [
            {
              "name": "out",
              "path": "/nix/store/7rqbfqprqf5ya9zqc22h12chg1q32vsl-go-task-3.45.5",
              "default": true
            }
          ],
          "store_path": "/nix/store/7rqbfqprqf5ya9zqc22h12chg1q32vsl-go-task-3.45.5"
        },
        "x86_64-darwin": {
          "outputs": [
            {
              "name": "out",
              "path": "/nix/store/s094zzla3026k58f5dwqs8svsxzgs7bp-go-task-3.45.5",
              "default": true
            }
          ],
          "store_path": "/nix/store/s094zzla3026k58f5dwqs8svsxzgs7bp-go-task-3.45.5"
        },
        "x86_64-linux": {
          "outputs": [
            {
              "name": "out",
              "path": "/nix/store/4yqkir1svm1bn2hwlqxxl7iq2pd6z423-go-task-3.45.5",
              "default": true
            }
          ],
          "store_path": "/nix/store/4yqkir1svm1bn2hwlqxxl7iq2pd6z423-go-task-3.45.5"
        }
      }
    },
    "go@1.25.4": {
      "last_modified": "2025-11-23T21:50:36Z",
      "resolved": "github:NixOS/nixpkgs/ee09932cedcef15aaf476f9343d1dea2cb77e261#go",
      "source": "devbox-search",
      "version": "1.25.4",
      "systems": {
        "aarch64-darwin": {
          "outputs": [
            {
              "name": "out",
              "path": "/nix/store/52f5kjcmgmvgrz3rij676b3rjmgg5l5g-go-1.25.4",
              "default": true
            }
          ],
          "store_path": "/nix/store/52f5kjcmgmvgrz3rij676b3rjmgg5l5g-go-1.25.4"
        },
        "aarch64-linux": {
          "outputs": [
            {
              "name": "out",
              "path": "/nix/store/2ajrlmz1qdpm9k9ankhnp3973wxg1gqs-go-1.25.4",
              "default": true
            }
          ],
          "store_path": "/nix/store/2ajrlmz1qdpm9k9ankhnp3973wxg1gqs-go-1.25.4"
        },
        "x86_64-darwin": {
          "outputs": [
            {
              "name": "out",
              "path": "/nix/store/1rqpvp45rl4sr1l0czrlbmv8jqj9sa7r-go-1.25.4",
              "default": true
            }
          ],
          "store_path": "/nix/store/1rqpvp45rl4sr1l0czrlbmv8jqj9sa7r-go-1.25.4"
        },
        "x86_64-linux": {
          "outputs": [
            {
              "name": "out",
              "path": "/nix/store/0a3dyfq09dnkw28ap2i450wjimvdmv6s-go-1.25.4",
              "default": true
            }
          ],
          "store_path": "/nix/store/0a3dyfq09dnkw28ap2i450wjimvdmv6s-go-1.25.4"
        }
      }
    },
    "golangci-lint@2.6.2": {
      "last_modified": "2025-11-15T07:28:48Z",
      "resolved": "github:NixOS/nixpkgs/1d4c88323ac36805d09657d13a5273aea1b34f0c#golangci-lint",
      "source": "devbox-search",
      "version": "2.6.2",
      "systems": {
        "aarch64-darwin": {
          "outputs": [
            {
              "name": "out",
              "path": "/nix/store/mgbxh2vpk63qjmp4cd8skkqhkvjw8sjy-golangci-lint-2.6.2",
              "default": true
            }
          ],
          "store_path": "/nix/store/mgbxh2vpk63qjmp4cd8skkqhkvjw8sjy-golangci-lint-2.6.2"
        },
        "aarch64-linux": {
          "outputs": [
            {
              "name": "out",
              "path": "/nix/store/4vhv78xyxqhkr2ighc3d5k3rj6zc7yq2-golangci-lint-2.6.2",
              "default": true
            }
          ],
          "store_path": "/nix/store/4vhv78xyxqhkr2ighc3d5k3rj6zc7yq2-golangci-lint-2.6.2"
        },
        "x86_64-darwin": {
          "outputs": [
            {
              "name": "out",
              "path": "/nix/store/zdxfpzyrbavvxkjb8v14jx9i4z4zip84-golangci-lint-2.6.2",
              "default": true
            }
          ],
          "store_path": "/nix/store/zdxfpzyrbavvxkjb8v14jx9i4z4zip84-golangci-lint-2.6.2"
        },
        "x86_64-linux": {
          "outputs": [
            {
              "name": "out",
              "path": "/nix/store/k6my6rh12qn2b7r5i5kmci9j34vrhvmc-golangci-lint-2.6.2",
              "default": true
            }
          ],
          "store_path": "/nix/store/k6my6rh12qn2b7r5i5kmci9j34vrhvmc-golangci-lint-2.6.2"
        }
      }
    },
    "goreleaser@2.12.7": {
      "last_modified": "2025-10-30T18:40:41Z",
      "resolved": "github:NixOS/nixpkgs/45ebaee5d90bab997812235564af4cf5107bde89#goreleaser",
      "source": "devbox-search",
      "version": "2.12.7",
      "systems": {
        "aarch64-darwin": {
          "outputs": [
            {
              "name": "out",
              "path": "/nix/store/72x7p82ja92wcvvv7kzllkwj6kwgs1zq-goreleaser-2.12.7",
              "default": true
            }
          ],
          "store_path": "/nix/store/72x7p82ja92wcvvv7kzllkwj6kwgs1zq-goreleaser-2.12.7"
        },
        "aarch64-linux": {
          "outputs": [
            {
              "name": "out",
              "path": "/nix/store/qpffa01cy69qy7mgl54qxr1lf1riabgq-goreleaser-2.12.7",
              "default": true
            }
          ],
          "store_path": "/nix/store/qpffa01cy69qy7mgl54qxr1lf1riabgq-goreleaser-2.12.7"
        },
        "x86_64-darwin": {
          "outputs": [
            {
              "name": "out",
              "path": "/nix/store/757bb562lyjvj595ik9b627vds9al4h5-goreleaser-2.12.7",
              "default": true
            }
          ],
          "store_path": "/nix/store/757bb562lyjvj595ik9b627vds9al4h5-goreleaser-2.12.7"
        },
        "x86_64-linux": {
          "outputs": [
            {
              "name": "out",
              "path": "/nix/store/kqsi4b1hq3vbrvgh1ff65bwpj7ryk3lr-goreleaser-2.12.7",
              "default": true
            }
          ],
          "store_path": "/nix/store/kqsi4b1hq3vbrvgh1ff65bwpj7ryk3lr-goreleaser-2.12.7"
        }
      }
    },
    "nodePackages.prettier@3.5.3": {
      "last_modified": "2025-05-16T20:19:48Z",
      "resolved": "github:NixOS/nixpkgs/12a55407652e04dcf2309436eb06fef0d3713ef3#nodePackages.prettier",
      "source": "devbox-search",
      "version": "3.5.3",
      "systems": {
        "aarch64-darwin": {
          "outputs": [
            {
              "name": "out",
              "path": "/nix/store/yspchsd3ww1ddz2r5783kw8y9j0vr3r8-prettier-3.5.3",
              "default": true
            }
          ],
          "store_path": "/nix/store/yspchsd3ww1ddz2r5783kw8y9j0vr3r8-prettier-3.5.3"
        },
        "aarch64-linux": {
          "outputs": [
            {
              "name": "out",
              "path": "/nix/store/ya3imag4wkxj3g5fws96rzyzv36m74w8-prettier-3.5.3",
              "default": true
            }
          ],
          "store_path": "/nix/store/ya3imag4wkxj3g5fws96rzyzv36m74w8-prettier-3.5.3"
        },
        "x86_64-darwin": {
          "outputs": [
            {
              "name": "out",
              "path": "/nix/store/f9q2y20qa56hjzxnia0q664m0rkwwqvm-prettier-3.5.3",
              "default": true
            }
          ],
          "store_path": "/nix/store/f9q2y20qa56hjzxnia0q664m0rkwwqvm-prettier-3.5.3"
        },
        "x86_64-linux": {
          "outputs": [
            {
              "name": "out",
              "path": "/nix/store/wry9vlk19pk7izrknb980icc8gihzllx-prettier-3.5.3",
              "default": true
            }
          ],
          "store_path": "/nix/store/wry9vlk19pk7izrknb980icc8gihzllx-prettier-3.5.3"
        }
      }
    },
    "syft@1.38.0": {
      "last_modified": "2025-11-23T21:50:36Z",
      "resolved": "github:NixOS/nixpkgs/ee09932cedcef15aaf476f9343d1dea2cb77e261#syft",
      "source": "devbox-search",
      "version": "1.38.0",
      "systems": {
        "aarch64-darwin": {
          "outputs": [
            {
              "name": "out",
              "path": "/nix/store/9na0jgqzr3h6c363fbivibgbz765v3iv-syft-1.38.0",
              "default": true
            }
          ],
          "store_path": "/nix/store/9na0jgqzr3h6c363fbivibgbz765v3iv-syft-1.38.0"
        },
        "aarch64-linux": {
          "outputs": [
            {
              "name": "out",
              "path": "/nix/store/9n8b2d8c4mxdpbf0xvllbz6gbdnf1rrm-syft-1.38.0",
              "default": true
            }
          ],
          "store_path": "/nix/store/9n8b2d8c4mxdpbf0xvllbz6gbdnf1rrm-syft-1.38.0"
        },
        "x86_64-darwin": {
          "outputs": [
            {
              "name": "out",
              "path": "/nix/store/yvvjm80ssjaa3mv7l9vqfsgw0xr1p7rn-syft-1.38.0",
              "default": true
            }
          ],
          "store_path": "/nix/store/yvvjm80ssjaa3mv7l9vqfsgw0xr1p7rn-syft-1.38.0"
        },
        "x86_64-linux": {
          "outputs": [
            {
              "name": "out",
              "path": "/nix/store/63kzmbh4isv3k1rybixh25a77lq5lq84-syft-1.38.0",
              "default": true
            }
          ],
          "store_path": "/nix/store/63kzmbh4isv3k1rybixh25a77lq5lq84-syft-1.38.0"
        }
      }
    },
    "tmux@3.5": {
      "last_modified": "2025-05-16T20:19:48Z",
      "resolved": "github:NixOS/nixpkgs/12a55407652e04dcf2309436eb06fef0d3713ef3#tmux",
      "source": "devbox-search",
      "version": "3.5a",
      "systems": {
        "aarch64-darwin": {
          "outputs": [
            {
              "name": "out",
              "path": "/nix/store/hj4r6y5nd1kh25c6xil1p4vxqvv5r7zk-tmux-3.5a",
              "default": true
            },
            {
              "name": "man",
              "path": "/nix/store/sppflpqfis5pdqiqcnzryg0gad5g4sa3-tmux-3.5a-man",
              "default": true
            }
          ],
          "store_path": "/nix/store/hj4r6y5nd1kh25c6xil1p4vxqvv5r7zk-tmux-3.5a"
        },
        "aarch64-linux": {
          "outputs": [
            {
              "name": "out",
              "path": "/nix/store/k8mrr2dyf16k92kapd49sdyhijs8ys33-tmux-3.5a",
              "default": true
            },
            {
              "name": "man",
              "path": "/nix/store/gg38wzj54ss6k6057ydxil666d93zk54-tmux-3.5a-man",
              "default": true
            }
          ],
          "store_path": "/nix/store/k8mrr2dyf16k92kapd49sdyhijs8ys33-tmux-3.5a"
        },
        "x86_64-darwin": {
          "outputs": [
            {
              "name": "out",
              "path": "/nix/store/066kykwz7ys1bc19h53l5s4gs4crn181-tmux-3.5a",
              "default": true
            },
            {
              "name": "man",
              "path": "/nix/store/nz1m26y533187msgv1331c2p0yyc6aja-tmux-3.5a-man",
              "default": true
            }
          ],
          "store_path": "/nix/store/066kykwz7ys1bc19h53l5s4gs4crn181-tmux-3.5a"
        },
        "x86_64-linux": {
          "outputs": [
            {
              "name": "out",
              "path": "/nix/store/wx5b4j4xiir3pdccdnh6k2q13k3m8yhy-tmux-3.5a",
              "default": true
            },
            {
              "name": "man",
              "path": "/nix/store/ygnjsj6pyi8ha8j945idvrj0a9ns8ici-tmux-3.5a-man",
              "default": true
            }
          ],
          "store_path": "/nix/store/wx5b4j4xiir3pdccdnh6k2q13k3m8yhy-tmux-3.5a"
        }
      }
    },
    "vhs@0.10.0": {
      "last_modified": "2025-06-20T02:24:11Z",
      "resolved": "github:NixOS/nixpkgs/076e8c6678d8c54204abcb4b1b14c366835a58bb#vhs",
      "source": "devbox-search",
      "version": "0.10.0",
      "systems": {
        "aarch64-darwin": {
          "outputs": [
            {
              "name": "out",
              "path": "/nix/store/jvfxzj234m4632hzwzsl74l935mam170-vhs-0.10.0",
              "default": true
            }
          ],
          "store_path": "/nix/store/jvfxzj234m4632hzwzsl74l935mam170-vhs-0.10.0"
        },
        "aarch64-linux": {
          "outputs": [
            {
              "name": "out",
              "path": "/nix/store/srvcnj98v9yn6h0g4wjp6z9f177k9xln-vhs-0.10.0",
              "default": true
            }
          ],
          "store_path": "/nix/store/srvcnj98v9yn6h0g4wjp6z9f177k9xln-vhs-0.10.0"
        },
        "x86_64-darwin": {
          "outputs": [
            {
              "name": "out",
              "path": "/nix/store/3krn0xybnib5153cqhxj16n3hvn6p7mn-vhs-0.10.0",
              "default": true
            }
          ],
          "store_path": "/nix/store/3krn0xybnib5153cqhxj16n3hvn6p7mn-vhs-0.10.0"
        },
        "x86_64-linux": {
          "outputs": [
            {
              "name": "out",
              "path": "/nix/store/y6q4pq7mfwsaa4qh2s87jj1bjylzngnq-vhs-0.10.0",
              "default": true
            }
          ],
          "store_path": "/nix/store/y6q4pq7mfwsaa4qh2s87jj1bjylzngnq-vhs-0.10.0"
        }
      }
    },
    "zizmor@1.16.3": {
      "last_modified": "2025-11-12T10:38:40Z",
      "resolved": "github:NixOS/nixpkgs/91c9a64ce2a84e648d0cf9671274bb9c2fb9ba60#zizmor",
      "source": "devbox-search",
      "version": "1.16.3",
      "systems": {
        "aarch64-darwin": {
          "outputs": [
            {
              "name": "out",
              "path": "/nix/store/mya49mi15019bn8fdi6mjb4vmldrmyq0-zizmor-1.16.3",
              "default": true
            }
          ],
          "store_path": "/nix/store/mya49mi15019bn8fdi6mjb4vmldrmyq0-zizmor-1.16.3"
        },
        "aarch64-linux": {
          "outputs": [
            {
              "name": "out",
              "path": "/nix/store/06hqbpmzmdg49y4n7m1nznlhmxc3rw1j-zizmor-1.16.3",
              "default": true
            }
          ],
          "store_path": "/nix/store/06hqbpmzmdg49y4n7m1nznlhmxc3rw1j-zizmor-1.16.3"
        },
        "x86_64-darwin": {
          "outputs": [
            {
              "name": "out",
              "path": "/nix/store/mdr7dj8abdbpjdy2r6fwxqafm9rb0gg3-zizmor-1.16.3",
              "default": true
            }
          ],
          "store_path": "/nix/store/mdr7dj8abdbpjdy2r6fwxqafm9rb0gg3-zizmor-1.16.3"
        },
        "x86_64-linux": {
          "outputs": [
            {
              "name": "out",
              "path": "/nix/store/hilg0ax8waxl3lv28sdyvgbmxqmlx1wb-zizmor-1.16.3",
              "default": true
            }
          ],
          "store_path": "/nix/store/hilg0ax8waxl3lv28sdyvgbmxqmlx1wb-zizmor-1.16.3"
        }
      }
    }
  }
}
