{
  "lockfile_version": "1",
  "packages": {
    "gcc@16.1.0": {
      "last_modified": "2026-05-21T08:15:18Z",
      "resolved": "github:NixOS/nixpkgs/4a29d733e8a7d5b824c3d8c958a946a9867b3eb2#gcc16",
      "source": "devbox-search",
      "version": "16.1.0",
      "systems": {
        "aarch64-darwin": {
          "outputs": [
            {
              "name": "out",
              "path": "/nix/store/rxibjsv6kbn68yv4yxm2j7gpjpzqxylm-gcc-wrapper-16.1.0",
              "default": true
            },
            {
              "name": "man",
              "path": "/nix/store/9zslvcy97r8gdv6j67fvbvzz85s98dfz-gcc-wrapper-16.1.0-man",
              "default": true
            },
            {
              "name": "info",
              "path": "/nix/store/yrf34jg30y5znsllb2skx7cq2x2faxjk-gcc-wrapper-16.1.0-info"
            }
          ],
          "store_path": "/nix/store/rxibjsv6kbn68yv4yxm2j7gpjpzqxylm-gcc-wrapper-16.1.0"
        },
        "aarch64-linux": {
          "outputs": [
            {
              "name": "out",
              "path": "/nix/store/435jmzq063lkllbzrncw8c2frp772zal-gcc-wrapper-16.1.0",
              "default": true
            },
            {
              "name": "man",
              "path": "/nix/store/7301n7w2g1x5z211gcxz4gmzaaykykis-gcc-wrapper-16.1.0-man",
              "default": true
            },
            {
              "name": "info",
              "path": "/nix/store/xln7vgjrqcv00p53c62914r8nw3ar34x-gcc-wrapper-16.1.0-info"
            }
          ],
          "store_path": "/nix/store/435jmzq063lkllbzrncw8c2frp772zal-gcc-wrapper-16.1.0"
        },
        "x86_64-darwin": {
          "outputs": [
            {
              "name": "out",
              "path": "/nix/store/2swyyj4x870fql28jgbd838xi3qhzj4x-gcc-wrapper-16.1.0",
              "default": true
            },
            {
              "name": "man",
              "path": "/nix/store/chw8n9c9kafifh1rnmcni9hjlnzq6cgl-gcc-wrapper-16.1.0-man",
              "default": true
            },
            {
              "name": "info",
              "path": "/nix/store/vpi9cwhpvjr200aqwryl16nbsypv7isi-gcc-wrapper-16.1.0-info"
            }
          ],
          "store_path": "/nix/store/2swyyj4x870fql28jgbd838xi3qhzj4x-gcc-wrapper-16.1.0"
        },
        "x86_64-linux": {
          "outputs": [
            {
              "name": "out",
              "path": "/nix/store/1yyps6cg0vyigp1q6iyy92l2habli99s-gcc-wrapper-16.1.0",
              "default": true
            },
            {
              "name": "man",
              "path": "/nix/store/xi0rbkik9hai1b4yf853j6gmky7v6lld-gcc-wrapper-16.1.0-man",
              "default": true
            },
            {
              "name": "info",
              "path": "/nix/store/ydqkn5iwm5d50491nal33rn4wm8f76kl-gcc-wrapper-16.1.0-info"
            }
          ],
          "store_path": "/nix/store/1yyps6cg0vyigp1q6iyy92l2habli99s-gcc-wrapper-16.1.0"
        }
      }
    },
    "git@2.54.0": {
      "last_modified": "2026-06-27T07:37:20Z",
      "resolved": "github:NixOS/nixpkgs/3d46470bb3030020f7e1361f33514854f5bfa86d#git",
      "source": "devbox-search",
      "version": "2.54.0",
      "systems": {
        "aarch64-darwin": {
          "outputs": [
            {
              "name": "out",
              "path": "/nix/store/7p841rdaha0pj23srg7lrwpnlaxyr7gr-git-2.54.0",
              "default": true
            },
            {
              "name": "doc",
              "path": "/nix/store/53n75imxnfbr1nbkll4djg98r9vg1lyw-git-2.54.0-doc"
            }
          ],
          "store_path": "/nix/store/7p841rdaha0pj23srg7lrwpnlaxyr7gr-git-2.54.0"
        },
        "aarch64-linux": {
          "outputs": [
            {
              "name": "out",
              "path": "/nix/store/j76bc0jffq323b6kvrckky5152h0pfdk-git-2.54.0",
              "default": true
            },
            {
              "name": "debug",
              "path": "/nix/store/hi8y2a7kxz94pmnfh3k2gp2mzr57xmqd-git-2.54.0-debug"
            },
            {
              "name": "doc",
              "path": "/nix/store/ms4bxp0svz53yzxqwfzp5lwp22v11m7d-git-2.54.0-doc"
            }
          ],
          "store_path": "/nix/store/j76bc0jffq323b6kvrckky5152h0pfdk-git-2.54.0"
        },
        "x86_64-darwin": {
          "outputs": [
            {
              "name": "out",
              "path": "/nix/store/x671lak90qvcxgc5irp4xv5zdbaym2yr-git-2.54.0",
              "default": true
            },
            {
              "name": "doc",
              "path": "/nix/store/zakmjh312hmg2yslsyqmnw8lb8dgmyyk-git-2.54.0-doc"
            }
          ],
          "store_path": "/nix/store/x671lak90qvcxgc5irp4xv5zdbaym2yr-git-2.54.0"
        },
        "x86_64-linux": {
          "outputs": [
            {
              "name": "out",
              "path": "/nix/store/k3wl6cg7q50zkx47af3msmg1yrg1f203-git-2.54.0",
              "default": true
            },
            {
              "name": "debug",
              "path": "/nix/store/7bjwn43x9gcaf249d8l651083ri033dy-git-2.54.0-debug"
            },
            {
              "name": "doc",
              "path": "/nix/store/9a0f1mfx8n1b8y64qx9999pq70j48ms6-git-2.54.0-doc"
            }
          ],
          "store_path": "/nix/store/k3wl6cg7q50zkx47af3msmg1yrg1f203-git-2.54.0"
        }
      }
    },
    "github:NixOS/nixpkgs/nixpkgs-unstable": {
      "last_modified": "2025-05-30T10:46:38Z",
      "resolved": "github:NixOS/nixpkgs/8ca7ec685bbee55d6dcb326abe23945c0806c39e?lastModified=1748601998&narHash=sha256-XbIdzeWUL6Htz3%2FEbeyY71qMxYizMUWYltWYGg6qfcI%3D"
    },
    "github:dagger/nix/89dee52f7839a290326eb1f929a4ac99d4a1aae1#packages.aarch64-linux.dagger": {
      "last_modified": "1970-01-01T00:00:00Z",
      "resolved": "github:dagger/nix/89dee52f7839a290326eb1f929a4ac99d4a1aae1#packages.aarch64-linux.dagger"
    },
    "go-task@3.48.0": {
      "last_modified": "2026-02-02T23:09:17Z",
      "resolved": "github:NixOS/nixpkgs/47472570b1e607482890801aeaf29bfb749884f6#go-task",
      "source": "devbox-search",
      "version": "3.48.0",
      "systems": {
        "aarch64-darwin": {
          "outputs": [
            {
              "name": "out",
              "path": "/nix/store/xcbnv9rgpbrrbjc9rhcryn29fkapyy7a-go-task-3.48.0",
              "default": true
            }
          ],
          "store_path": "/nix/store/xcbnv9rgpbrrbjc9rhcryn29fkapyy7a-go-task-3.48.0"
        },
        "aarch64-linux": {
          "outputs": [
            {
              "name": "out",
              "path": "/nix/store/ncpxzr2h6wmbw3x1rk64wbpdrdk7hnc5-go-task-3.48.0",
              "default": true
            }
          ],
          "store_path": "/nix/store/ncpxzr2h6wmbw3x1rk64wbpdrdk7hnc5-go-task-3.48.0"
        },
        "x86_64-darwin": {
          "outputs": [
            {
              "name": "out",
              "path": "/nix/store/xvrsali850p07x38l7vg337nfmy8sf4d-go-task-3.48.0",
              "default": true
            }
          ],
          "store_path": "/nix/store/xvrsali850p07x38l7vg337nfmy8sf4d-go-task-3.48.0"
        },
        "x86_64-linux": {
          "outputs": [
            {
              "name": "out",
              "path": "/nix/store/5aa1yhiq2vx8widj750xb8b7rp21xrwn-go-task-3.48.0",
              "default": true
            }
          ],
          "store_path": "/nix/store/5aa1yhiq2vx8widj750xb8b7rp21xrwn-go-task-3.48.0"
        }
      }
    },
    "go@1.26.3": {
      "last_modified": "2026-05-21T08:15:18Z",
      "resolved": "github:NixOS/nixpkgs/4a29d733e8a7d5b824c3d8c958a946a9867b3eb2#go",
      "source": "devbox-search",
      "version": "1.26.3",
      "systems": {
        "aarch64-darwin": {
          "outputs": [
            {
              "name": "out",
              "path": "/nix/store/7ycp8j45iay38g9mjaxmy4jhwdsrb47y-go-1.26.3",
              "default": true
            }
          ],
          "store_path": "/nix/store/7ycp8j45iay38g9mjaxmy4jhwdsrb47y-go-1.26.3"
        },
        "aarch64-linux": {
          "outputs": [
            {
              "name": "out",
              "path": "/nix/store/jkcwcbwvhgzmxg59798z4clmj4bfv42i-go-1.26.3",
              "default": true
            }
          ],
          "store_path": "/nix/store/jkcwcbwvhgzmxg59798z4clmj4bfv42i-go-1.26.3"
        },
        "x86_64-darwin": {
          "outputs": [
            {
              "name": "out",
              "path": "/nix/store/3f2jzvxmhhlarjqxy1p7i9r5l34siz29-go-1.26.3",
              "default": true
            }
          ],
          "store_path": "/nix/store/3f2jzvxmhhlarjqxy1p7i9r5l34siz29-go-1.26.3"
        },
        "x86_64-linux": {
          "outputs": [
            {
              "name": "out",
              "path": "/nix/store/33fw5m31lfcnk4ff2f0df7j2bxnh8lgk-go-1.26.3",
              "default": true
            }
          ],
          "store_path": "/nix/store/33fw5m31lfcnk4ff2f0df7j2bxnh8lgk-go-1.26.3"
        }
      }
    },
    "golangci-lint@2.12.2": {
      "last_modified": "2026-05-21T08:15:18Z",
      "resolved": "github:NixOS/nixpkgs/4a29d733e8a7d5b824c3d8c958a946a9867b3eb2#golangci-lint",
      "source": "devbox-search",
      "version": "2.12.2",
      "systems": {
        "aarch64-darwin": {
          "outputs": [
            {
              "name": "out",
              "path": "/nix/store/paiggn2x6idsnhzn6ss6sdn87lvqadlf-golangci-lint-2.12.2",
              "default": true
            }
          ],
          "store_path": "/nix/store/paiggn2x6idsnhzn6ss6sdn87lvqadlf-golangci-lint-2.12.2"
        },
        "aarch64-linux": {
          "outputs": [
            {
              "name": "out",
              "path": "/nix/store/mxcfgfnl675mlqnm7v3zliq0y1wisw7i-golangci-lint-2.12.2",
              "default": true
            }
          ],
          "store_path": "/nix/store/mxcfgfnl675mlqnm7v3zliq0y1wisw7i-golangci-lint-2.12.2"
        },
        "x86_64-darwin": {
          "outputs": [
            {
              "name": "out",
              "path": "/nix/store/80gb4fz1fs06h9y8c7xb80yfz0zd3qaa-golangci-lint-2.12.2",
              "default": true
            }
          ],
          "store_path": "/nix/store/80gb4fz1fs06h9y8c7xb80yfz0zd3qaa-golangci-lint-2.12.2"
        },
        "x86_64-linux": {
          "outputs": [
            {
              "name": "out",
              "path": "/nix/store/x3ism4ihdsansi2y1ldhs78244pxv22w-golangci-lint-2.12.2",
              "default": true
            }
          ],
          "store_path": "/nix/store/x3ism4ihdsansi2y1ldhs78244pxv22w-golangci-lint-2.12.2"
        }
      }
    },
    "lefthook@2.1.5": {
      "last_modified": "2026-05-21T08:15:18Z",
      "resolved": "github:NixOS/nixpkgs/4a29d733e8a7d5b824c3d8c958a946a9867b3eb2#lefthook",
      "source": "devbox-search",
      "version": "2.1.5",
      "systems": {
        "aarch64-darwin": {
          "outputs": [
            {
              "name": "out",
              "path": "/nix/store/j5j34q2kqyz09kf0wwlgnnsgn3h881cp-lefthook-2.1.5",
              "default": true
            }
          ],
          "store_path": "/nix/store/j5j34q2kqyz09kf0wwlgnnsgn3h881cp-lefthook-2.1.5"
        },
        "aarch64-linux": {
          "outputs": [
            {
              "name": "out",
              "path": "/nix/store/cr3rfs80hfyc7ciq875k9h1ajrf0ydy5-lefthook-2.1.5",
              "default": true
            }
          ],
          "store_path": "/nix/store/cr3rfs80hfyc7ciq875k9h1ajrf0ydy5-lefthook-2.1.5"
        },
        "x86_64-darwin": {
          "outputs": [
            {
              "name": "out",
              "path": "/nix/store/0s5jzsamiwrl8lgzacf7i5msyajcl44k-lefthook-2.1.5",
              "default": true
            }
          ],
          "store_path": "/nix/store/0s5jzsamiwrl8lgzacf7i5msyajcl44k-lefthook-2.1.5"
        },
        "x86_64-linux": {
          "outputs": [
            {
              "name": "out",
              "path": "/nix/store/nyg44d492znkg1bqa1i3dvxy2dw29xcy-lefthook-2.1.5",
              "default": true
            }
          ],
          "store_path": "/nix/store/nyg44d492znkg1bqa1i3dvxy2dw29xcy-lefthook-2.1.5"
        }
      }
    },
    "prettier@3.8.3": {
      "last_modified": "2026-06-11T01:27:03Z",
      "resolved": "github:NixOS/nixpkgs/b503dde361500433ca25a32e8f4d218bf58fb659#prettier",
      "source": "devbox-search",
      "version": "3.8.3",
      "systems": {
        "aarch64-darwin": {
          "outputs": [
            {
              "name": "out",
              "path": "/nix/store/qalhdqg90rvdwfcn42yavlvfz3ar5hp0-prettier-3.8.3",
              "default": true
            }
          ],
          "store_path": "/nix/store/qalhdqg90rvdwfcn42yavlvfz3ar5hp0-prettier-3.8.3"
        },
        "aarch64-linux": {
          "outputs": [
            {
              "name": "out",
              "path": "/nix/store/5z0qkvlld8ljkccs8hbw6712v787narj-prettier-3.8.3",
              "default": true
            }
          ],
          "store_path": "/nix/store/5z0qkvlld8ljkccs8hbw6712v787narj-prettier-3.8.3"
        },
        "x86_64-darwin": {
          "outputs": [
            {
              "name": "out",
              "path": "/nix/store/q8bk4grqjx88402k328w5xj72w0zqc6v-prettier-3.8.3",
              "default": true
            }
          ],
          "store_path": "/nix/store/q8bk4grqjx88402k328w5xj72w0zqc6v-prettier-3.8.3"
        },
        "x86_64-linux": {
          "outputs": [
            {
              "name": "out",
              "path": "/nix/store/6arrlpnjszmazqzgx50wl4nm5m8vlcq2-prettier-3.8.3",
              "default": true
            }
          ],
          "store_path": "/nix/store/6arrlpnjszmazqzgx50wl4nm5m8vlcq2-prettier-3.8.3"
        }
      }
    },
    "vhs@0.10.0": {
      "last_modified": "2025-06-20T02:24:11Z",
      "resolved": "github:NixOS/nixpkgs/076e8c6678d8c54204abcb4b1b14c366835a58bb#vhs",
      "source": "devbox-search",
      "version": "0.10.0",
      "systems": {
        "aarch64-darwin": {
          "outputs": [
            {
              "name": "out",
              "path": "/nix/store/jvfxzj234m4632hzwzsl74l935mam170-vhs-0.10.0",
              "default": true
            }
          ],
          "store_path": "/nix/store/jvfxzj234m4632hzwzsl74l935mam170-vhs-0.10.0"
        },
        "aarch64-linux": {
          "outputs": [
            {
              "name": "out",
              "path": "/nix/store/srvcnj98v9yn6h0g4wjp6z9f177k9xln-vhs-0.10.0",
              "default": true
            }
          ],
          "store_path": "/nix/store/srvcnj98v9yn6h0g4wjp6z9f177k9xln-vhs-0.10.0"
        },
        "x86_64-darwin": {
          "outputs": [
            {
              "name": "out",
              "path": "/nix/store/3krn0xybnib5153cqhxj16n3hvn6p7mn-vhs-0.10.0",
              "default": true
            }
          ],
          "store_path": "/nix/store/3krn0xybnib5153cqhxj16n3hvn6p7mn-vhs-0.10.0"
        },
        "x86_64-linux": {
          "outputs": [
            {
              "name": "out",
              "path": "/nix/store/y6q4pq7mfwsaa4qh2s87jj1bjylzngnq-vhs-0.10.0",
              "default": true
            }
          ],
          "store_path": "/nix/store/y6q4pq7mfwsaa4qh2s87jj1bjylzngnq-vhs-0.10.0"
        }
      }
    }
  }
}
